
Microsoft Visual Studio Solution File, Format Version 12.00
# Visual Studio Version 17
VisualStudioVersion = 17.2.32526.322
MinimumVisualStudioVersion = 10.0.40219.1
Project("{9A19103F-16F7-4668-BE54-9A1E7A4F7556}") = "LifeAchievments", "LifeAchievments.csproj", "{DE18E32E-181C-4E96-973C-9F0D7784F020}"
EndProject
Global
	GlobalSection(SolutionConfigurationPlatforms) = preSolution
		Debug|Any CPU = Debug|Any CPU
		Release|Any CPU = Release|Any CPU
	EndGlobalSection
	GlobalSection(ProjectConfigurationPlatforms) = postSolution
		{DE18E32E-181C-4E96-973C-9F0D7784F020}.Debug|Any CPU.ActiveCfg = Release|Any CPU
		{DE18E32E-181C-4E96-973C-9F0D7784F020}.Debug|Any CPU.Build.0 = Release|Any CPU
		{DE18E32E-181C-4E96-973C-9F0D7784F020}.Release|Any CPU.ActiveCfg = Release|Any CPU
		{DE18E32E-181C-4E96-973C-9F0D7784F020}.Release|Any CPU.Build.0 = Release|Any CPU
	EndGlobalSection
	GlobalSection(SolutionProperties) = preSolution
		HideSolutionNode = FALSE
	EndGlobalSection
	GlobalSection(ExtensibilityGlobals) = postSolution
		SolutionGuid = {35C03F1F-351E-4351-8E5D-446B9EDB4496}
	EndGlobalSection
EndGlobal
